
Microsoft Visual Studio Solution File, Format Version 12.00
# Visual Studio 14
VisualStudioVersion = 14.0.25420.1
MinimumVisualStudioVersion = 10.0.40219.1
Project("{FAE04EC0-301F-11D3-BF4B-00C04F79EFBC}") = "Despesa.Lite.Xamarin.Portable.Droid", "Despesa.Lite.Xamarin.Portable\Despesa.Lite.Xamarin.Portable.Droid\Despesa.Lite.Xamarin.Portable.Droid.csproj", "{C21F8887-7FCE-46CE-8A93-ED11A8204B43}"
EndProject
Project("{FAE04EC0-301F-11D3-BF4B-00C04F79EFBC}") = "Despesa.Lite.Xamarin.Portable.iOS", "Despesa.Lite.Xamarin.Portable\Despesa.Lite.Xamarin.Portable.iOS\Despesa.Lite.Xamarin.Portable.iOS.csproj", "{EAC8D672-8CEE-4323-BC38-24C66F5585CE}"
EndProject
Project("{FAE04EC0-301F-11D3-BF4B-00C04F79EFBC}") = "Despesa.Lite.Xamarin.Portable.WinPhone", "Despesa.Lite.Xamarin.Portable\Despesa.Lite.Xamarin.Portable.WinPhone\Despesa.Lite.Xamarin.Portable.WinPhone.csproj", "{604A1C78-9456-4212-9F16-08EFE97233C6}"
EndProject
Project("{FAE04EC0-301F-11D3-BF4B-00C04F79EFBC}") = "Despesa.Lite.Xamarin.Portable.UWP", "Despesa.Lite.Xamarin.Portable\Despesa.Lite.Xamarin.Portable.UWP\Despesa.Lite.Xamarin.Portable.UWP.csproj", "{85658628-F9D3-46DD-BFC9-4471633424B4}"
EndProject
Project("{FAE04EC0-301F-11D3-BF4B-00C04F79EFBC}") = "Despesa.Lite.Xamarin.Portable.Windows", "Despesa.Lite.Xamarin.Portable\Despesa.Lite.Xamarin.Portable.Windows\Despesa.Lite.Xamarin.Portable.Windows.csproj", "{C67F5642-F0DA-409F-9C4E-C393C4162E70}"
EndProject
Project("{FAE04EC0-301F-11D3-BF4B-00C04F79EFBC}") = "Despesa.Lite.Xamarin.Portable", "Despesa.Lite.Xamarin.Portable\Despesa.Lite.Xamarin.Portable\Despesa.Lite.Xamarin.Portable.csproj", "{E1FA4CA9-C847-42FC-90DC-A81CF1DB8820}"
EndProject
Project("{FAE04EC0-301F-11D3-BF4B-00C04F79EFBC}") = "Despesa.Lite.Xamarin.Domain", "Despesa.Lite.Xamarin.Domain\Despesa.Lite.Xamarin.Domain.csproj", "{92754E96-1727-48C2-BD72-D4F103FFA23E}"
EndProject
Project("{2150E333-8FDC-42A3-9474-1A3956D46DE8}") = "1 - Presentation", "1 - Presentation", "{38A0C47D-E64E-479A-9772-C9D7191E91DC}"
EndProject
Project("{2150E333-8FDC-42A3-9474-1A3956D46DE8}") = "2 - Aplicacao", "2 - Aplicacao", "{FF1AE1DA-6623-452B-8A5E-63E280F23C5E}"
EndProject
Project("{2150E333-8FDC-42A3-9474-1A3956D46DE8}") = "3 - Domain", "3 - Domain", "{98800936-C759-453B-AD35-4AF223DE9DA9}"
EndProject
Project("{2150E333-8FDC-42A3-9474-1A3956D46DE8}") = "1.1 Xamarin Portable", "1.1 Xamarin Portable", "{9272BA27-6B1C-46F4-AEF8-A5E379045202}"
EndProject
Project("{2150E333-8FDC-42A3-9474-1A3956D46DE8}") = "1.2 Devices", "1.2 Devices", "{EE7056D9-2377-4299-99BB-8874B3917A2A}"
EndProject
Project("{FAE04EC0-301F-11D3-BF4B-00C04F79EFBC}") = "Despesa.Lite.Xamarin.Portable.Aplicacao", "Despesa.Lite.Xamarin.Portable.Application\Despesa.Lite.Xamarin.Portable.Aplicacao.csproj", "{BA83A690-B87E-4D99-BDEF-BD3CE7D71A68}"
EndProject
Global
	GlobalSection(SolutionConfigurationPlatforms) = preSolution
		Ad-Hoc|Any CPU = Ad-Hoc|Any CPU
		Ad-Hoc|ARM = Ad-Hoc|ARM
		Ad-Hoc|iPhone = Ad-Hoc|iPhone
		Ad-Hoc|iPhoneSimulator = Ad-Hoc|iPhoneSimulator
		Ad-Hoc|x64 = Ad-Hoc|x64
		Ad-Hoc|x86 = Ad-Hoc|x86
		AppStore|Any CPU = AppStore|Any CPU
		AppStore|ARM = AppStore|ARM
		AppStore|iPhone = AppStore|iPhone
		AppStore|iPhoneSimulator = AppStore|iPhoneSimulator
		AppStore|x64 = AppStore|x64
		AppStore|x86 = AppStore|x86
		Debug|Any CPU = Debug|Any CPU
		Debug|ARM = Debug|ARM
		Debug|iPhone = Debug|iPhone
		Debug|iPhoneSimulator = Debug|iPhoneSimulator
		Debug|x64 = Debug|x64
		Debug|x86 = Debug|x86
		Release|Any CPU = Release|Any CPU
		Release|ARM = Release|ARM
		Release|iPhone = Release|iPhone
		Release|iPhoneSimulator = Release|iPhoneSimulator
		Release|x64 = Release|x64
		Release|x86 = Release|x86
	EndGlobalSection
	GlobalSection(ProjectConfigurationPlatforms) = postSolution
		{C21F8887-7FCE-46CE-8A93-ED11A8204B43}.Ad-Hoc|Any CPU.ActiveCfg = Release|Any CPU
		{C21F8887-7FCE-46CE-8A93-ED11A8204B43}.Ad-Hoc|Any CPU.Build.0 = Release|Any CPU
		{C21F8887-7FCE-46CE-8A93-ED11A8204B43}.Ad-Hoc|Any CPU.Deploy.0 = Release|Any CPU
		{C21F8887-7FCE-46CE-8A93-ED11A8204B43}.Ad-Hoc|ARM.ActiveCfg = Release|Any CPU
		{C21F8887-7FCE-46CE-8A93-ED11A8204B43}.Ad-Hoc|ARM.Build.0 = Release|Any CPU
		{C21F8887-7FCE-46CE-8A93-ED11A8204B43}.Ad-Hoc|ARM.Deploy.0 = Release|Any CPU
		{C21F8887-7FCE-46CE-8A93-ED11A8204B43}.Ad-Hoc|iPhone.ActiveCfg = Release|Any CPU
		{C21F8887-7FCE-46CE-8A93-ED11A8204B43}.Ad-Hoc|iPhone.Build.0 = Release|Any CPU
		{C21F8887-7FCE-46CE-8A93-ED11A8204B43}.Ad-Hoc|iPhone.Deploy.0 = Release|Any CPU
		{C21F8887-7FCE-46CE-8A93-ED11A8204B43}.Ad-Hoc|iPhoneSimulator.ActiveCfg = Release|Any CPU
		{C21F8887-7FCE-46CE-8A93-ED11A8204B43}.Ad-Hoc|iPhoneSimulator.Build.0 = Release|Any CPU
		{C21F8887-7FCE-46CE-8A93-ED11A8204B43}.Ad-Hoc|iPhoneSimulator.Deploy.0 = Release|Any CPU
		{C21F8887-7FCE-46CE-8A93-ED11A8204B43}.Ad-Hoc|x64.ActiveCfg = Release|Any CPU
		{C21F8887-7FCE-46CE-8A93-ED11A8204B43}.Ad-Hoc|x64.Build.0 = Release|Any CPU
		{C21F8887-7FCE-46CE-8A93-ED11A8204B43}.Ad-Hoc|x64.Deploy.0 = Release|Any CPU
		{C21F8887-7FCE-46CE-8A93-ED11A8204B43}.Ad-Hoc|x86.ActiveCfg = Release|Any CPU
		{C21F8887-7FCE-46CE-8A93-ED11A8204B43}.Ad-Hoc|x86.Build.0 = Release|Any CPU
		{C21F8887-7FCE-46CE-8A93-ED11A8204B43}.Ad-Hoc|x86.Deploy.0 = Release|Any CPU
		{C21F8887-7FCE-46CE-8A93-ED11A8204B43}.AppStore|Any CPU.ActiveCfg = Release|Any CPU
		{C21F8887-7FCE-46CE-8A93-ED11A8204B43}.AppStore|Any CPU.Build.0 = Release|Any CPU
		{C21F8887-7FCE-46CE-8A93-ED11A8204B43}.AppStore|Any CPU.Deploy.0 = Release|Any CPU
		{C21F8887-7FCE-46CE-8A93-ED11A8204B43}.AppStore|ARM.ActiveCfg = Release|Any CPU
		{C21F8887-7FCE-46CE-8A93-ED11A8204B43}.AppStore|ARM.Build.0 = Release|Any CPU
		{C21F8887-7FCE-46CE-8A93-ED11A8204B43}.AppStore|ARM.Deploy.0 = Release|Any CPU
		{C21F8887-7FCE-46CE-8A93-ED11A8204B43}.AppStore|iPhone.ActiveCfg = Release|Any CPU
		{C21F8887-7FCE-46CE-8A93-ED11A8204B43}.AppStore|iPhone.Build.0 = Release|Any CPU
		{C21F8887-7FCE-46CE-8A93-ED11A8204B43}.AppStore|iPhone.Deploy.0 = Release|Any CPU
		{C21F8887-7FCE-46CE-8A93-ED11A8204B43}.AppStore|iPhoneSimulator.ActiveCfg = Release|Any CPU
		{C21F8887-7FCE-46CE-8A93-ED11A8204B43}.AppStore|iPhoneSimulator.Build.0 = Release|Any CPU
		{C21F8887-7FCE-46CE-8A93-ED11A8204B43}.AppStore|iPhoneSimulator.Deploy.0 = Release|Any CPU
		{C21F8887-7FCE-46CE-8A93-ED11A8204B43}.AppStore|x64.ActiveCfg = Release|Any CPU
		{C21F8887-7FCE-46CE-8A93-ED11A8204B43}.AppStore|x64.Build.0 = Release|Any CPU
		{C21F8887-7FCE-46CE-8A93-ED11A8204B43}.AppStore|x64.Deploy.0 = Release|Any CPU
		{C21F8887-7FCE-46CE-8A93-ED11A8204B43}.AppStore|x86.ActiveCfg = Release|Any CPU
		{C21F8887-7FCE-46CE-8A93-ED11A8204B43}.AppStore|x86.Build.0 = Release|Any CPU
		{C21F8887-7FCE-46CE-8A93-ED11A8204B43}.AppStore|x86.Deploy.0 = Release|Any CPU
		{C21F8887-7FCE-46CE-8A93-ED11A8204B43}.Debug|Any CPU.ActiveCfg = Debug|Any CPU
		{C21F8887-7FCE-46CE-8A93-ED11A8204B43}.Debug|Any CPU.Build.0 = Debug|Any CPU
		{C21F8887-7FCE-46CE-8A93-ED11A8204B43}.Debug|Any CPU.Deploy.0 = Debug|Any CPU
		{C21F8887-7FCE-46CE-8A93-ED11A8204B43}.Debug|ARM.ActiveCfg = Debug|Any CPU
		{C21F8887-7FCE-46CE-8A93-ED11A8204B43}.Debug|ARM.Build.0 = Debug|Any CPU
		{C21F8887-7FCE-46CE-8A93-ED11A8204B43}.Debug|ARM.Deploy.0 = Debug|Any CPU
		{C21F8887-7FCE-46CE-8A93-ED11A8204B43}.Debug|iPhone.ActiveCfg = Debug|Any CPU
		{C21F8887-7FCE-46CE-8A93-ED11A8204B43}.Debug|iPhone.Build.0 = Debug|Any CPU
		{C21F8887-7FCE-46CE-8A93-ED11A8204B43}.Debug|iPhone.Deploy.0 = Debug|Any CPU
		{C21F8887-7FCE-46CE-8A93-ED11A8204B43}.Debug|iPhoneSimulator.ActiveCfg = Debug|Any CPU
		{C21F8887-7FCE-46CE-8A93-ED11A8204B43}.Debug|iPhoneSimulator.Build.0 = Debug|Any CPU
		{C21F8887-7FCE-46CE-8A93-ED11A8204B43}.Debug|iPhoneSimulator.Deploy.0 = Debug|Any CPU
		{C21F8887-7FCE-46CE-8A93-ED11A8204B43}.Debug|x64.ActiveCfg = Debug|Any CPU
		{C21F8887-7FCE-46CE-8A93-ED11A8204B43}.Debug|x64.Build.0 = Debug|Any CPU
		{C21F8887-7FCE-46CE-8A93-ED11A8204B43}.Debug|x64.Deploy.0 = Debug|Any CPU
		{C21F8887-7FCE-46CE-8A93-ED11A8204B43}.Debug|x86.ActiveCfg = Debug|Any CPU
		{C21F8887-7FCE-46CE-8A93-ED11A8204B43}.Debug|x86.Build.0 = Debug|Any CPU
		{C21F8887-7FCE-46CE-8A93-ED11A8204B43}.Debug|x86.Deploy.0 = Debug|Any CPU
		{C21F8887-7FCE-46CE-8A93-ED11A8204B43}.Release|Any CPU.ActiveCfg = Release|Any CPU
		{C21F8887-7FCE-46CE-8A93-ED11A8204B43}.Release|Any CPU.Build.0 = Release|Any CPU
		{C21F8887-7FCE-46CE-8A93-ED11A8204B43}.Release|Any CPU.Deploy.0 = Release|Any CPU
		{C21F8887-7FCE-46CE-8A93-ED11A8204B43}.Release|ARM.ActiveCfg = Release|Any CPU
		{C21F8887-7FCE-46CE-8A93-ED11A8204B43}.Release|ARM.Build.0 = Release|Any CPU
		{C21F8887-7FCE-46CE-8A93-ED11A8204B43}.Release|ARM.Deploy.0 = Release|Any CPU
		{C21F8887-7FCE-46CE-8A93-ED11A8204B43}.Release|iPhone.ActiveCfg = Release|Any CPU
		{C21F8887-7FCE-46CE-8A93-ED11A8204B43}.Release|iPhone.Build.0 = Release|Any CPU
		{C21F8887-7FCE-46CE-8A93-ED11A8204B43}.Release|iPhone.Deploy.0 = Release|Any CPU
		{C21F8887-7FCE-46CE-8A93-ED11A8204B43}.Release|iPhoneSimulator.ActiveCfg = Release|Any CPU
		{C21F8887-7FCE-46CE-8A93-ED11A8204B43}.Release|iPhoneSimulator.Build.0 = Release|Any CPU
		{C21F8887-7FCE-46CE-8A93-ED11A8204B43}.Release|iPhoneSimulator.Deploy.0 = Release|Any CPU
		{C21F8887-7FCE-46CE-8A93-ED11A8204B43}.Release|x64.ActiveCfg = Release|Any CPU
		{C21F8887-7FCE-46CE-8A93-ED11A8204B43}.Release|x64.Build.0 = Release|Any CPU
		{C21F8887-7FCE-46CE-8A93-ED11A8204B43}.Release|x64.Deploy.0 = Release|Any CPU
		{C21F8887-7FCE-46CE-8A93-ED11A8204B43}.Release|x86.ActiveCfg = Release|Any CPU
		{C21F8887-7FCE-46CE-8A93-ED11A8204B43}.Release|x86.Build.0 = Release|Any CPU
		{C21F8887-7FCE-46CE-8A93-ED11A8204B43}.Release|x86.Deploy.0 = Release|Any CPU
		{EAC8D672-8CEE-4323-BC38-24C66F5585CE}.Ad-Hoc|Any CPU.ActiveCfg = Ad-Hoc|iPhone
		{EAC8D672-8CEE-4323-BC38-24C66F5585CE}.Ad-Hoc|ARM.ActiveCfg = Ad-Hoc|iPhone
		{EAC8D672-8CEE-4323-BC38-24C66F5585CE}.Ad-Hoc|iPhone.ActiveCfg = Ad-Hoc|iPhone
		{EAC8D672-8CEE-4323-BC38-24C66F5585CE}.Ad-Hoc|iPhone.Build.0 = Ad-Hoc|iPhone
		{EAC8D672-8CEE-4323-BC38-24C66F5585CE}.Ad-Hoc|iPhoneSimulator.ActiveCfg = Ad-Hoc|iPhoneSimulator
		{EAC8D672-8CEE-4323-BC38-24C66F5585CE}.Ad-Hoc|iPhoneSimulator.Build.0 = Ad-Hoc|iPhoneSimulator
		{EAC8D672-8CEE-4323-BC38-24C66F5585CE}.Ad-Hoc|x64.ActiveCfg = Ad-Hoc|iPhone
		{EAC8D672-8CEE-4323-BC38-24C66F5585CE}.Ad-Hoc|x86.ActiveCfg = Ad-Hoc|iPhone
		{EAC8D672-8CEE-4323-BC38-24C66F5585CE}.AppStore|Any CPU.ActiveCfg = AppStore|iPhone
		{EAC8D672-8CEE-4323-BC38-24C66F5585CE}.AppStore|ARM.ActiveCfg = AppStore|iPhone
		{EAC8D672-8CEE-4323-BC38-24C66F5585CE}.AppStore|iPhone.ActiveCfg = AppStore|iPhone
		{EAC8D672-8CEE-4323-BC38-24C66F5585CE}.AppStore|iPhone.Build.0 = AppStore|iPhone
		{EAC8D672-8CEE-4323-BC38-24C66F5585CE}.AppStore|iPhoneSimulator.ActiveCfg = AppStore|iPhoneSimulator
		{EAC8D672-8CEE-4323-BC38-24C66F5585CE}.AppStore|iPhoneSimulator.Build.0 = AppStore|iPhoneSimulator
		{EAC8D672-8CEE-4323-BC38-24C66F5585CE}.AppStore|x64.ActiveCfg = AppStore|iPhone
		{EAC8D672-8CEE-4323-BC38-24C66F5585CE}.AppStore|x86.ActiveCfg = AppStore|iPhone
		{EAC8D672-8CEE-4323-BC38-24C66F5585CE}.Debug|Any CPU.ActiveCfg = Debug|iPhone
		{EAC8D672-8CEE-4323-BC38-24C66F5585CE}.Debug|ARM.ActiveCfg = Debug|iPhone
		{EAC8D672-8CEE-4323-BC38-24C66F5585CE}.Debug|iPhone.ActiveCfg = Debug|iPhone
		{EAC8D672-8CEE-4323-BC38-24C66F5585CE}.Debug|iPhone.Build.0 = Debug|iPhone
		{EAC8D672-8CEE-4323-BC38-24C66F5585CE}.Debug|iPhoneSimulator.ActiveCfg = Debug|iPhoneSimulator
		{EAC8D672-8CEE-4323-BC38-24C66F5585CE}.Debug|iPhoneSimulator.Build.0 = Debug|iPhoneSimulator
		{EAC8D672-8CEE-4323-BC38-24C66F5585CE}.Debug|x64.ActiveCfg = Debug|iPhone
		{EAC8D672-8CEE-4323-BC38-24C66F5585CE}.Debug|x86.ActiveCfg = Debug|iPhone
		{EAC8D672-8CEE-4323-BC38-24C66F5585CE}.Release|Any CPU.ActiveCfg = Release|iPhone
		{EAC8D672-8CEE-4323-BC38-24C66F5585CE}.Release|ARM.ActiveCfg = Release|iPhone
		{EAC8D672-8CEE-4323-BC38-24C66F5585CE}.Release|iPhone.ActiveCfg = Release|iPhone
		{EAC8D672-8CEE-4323-BC38-24C66F5585CE}.Release|iPhone.Build.0 = Release|iPhone
		{EAC8D672-8CEE-4323-BC38-24C66F5585CE}.Release|iPhoneSimulator.ActiveCfg = Release|iPhoneSimulator
		{EAC8D672-8CEE-4323-BC38-24C66F5585CE}.Release|iPhoneSimulator.Build.0 = Release|iPhoneSimulator
		{EAC8D672-8CEE-4323-BC38-24C66F5585CE}.Release|x64.ActiveCfg = Release|iPhone
		{EAC8D672-8CEE-4323-BC38-24C66F5585CE}.Release|x86.ActiveCfg = Release|iPhone
		{604A1C78-9456-4212-9F16-08EFE97233C6}.Ad-Hoc|Any CPU.ActiveCfg = Release|Any CPU
		{604A1C78-9456-4212-9F16-08EFE97233C6}.Ad-Hoc|Any CPU.Build.0 = Release|Any CPU
		{604A1C78-9456-4212-9F16-08EFE97233C6}.Ad-Hoc|Any CPU.Deploy.0 = Release|Any CPU
		{604A1C78-9456-4212-9F16-08EFE97233C6}.Ad-Hoc|ARM.ActiveCfg = Release|ARM
		{604A1C78-9456-4212-9F16-08EFE97233C6}.Ad-Hoc|ARM.Build.0 = Release|ARM
		{604A1C78-9456-4212-9F16-08EFE97233C6}.Ad-Hoc|ARM.Deploy.0 = Release|ARM
		{604A1C78-9456-4212-9F16-08EFE97233C6}.Ad-Hoc|iPhone.ActiveCfg = Release|Any CPU
		{604A1C78-9456-4212-9F16-08EFE97233C6}.Ad-Hoc|iPhone.Build.0 = Release|Any CPU
		{604A1C78-9456-4212-9F16-08EFE97233C6}.Ad-Hoc|iPhone.Deploy.0 = Release|Any CPU
		{604A1C78-9456-4212-9F16-08EFE97233C6}.Ad-Hoc|iPhoneSimulator.ActiveCfg = Release|Any CPU
		{604A1C78-9456-4212-9F16-08EFE97233C6}.Ad-Hoc|iPhoneSimulator.Build.0 = Release|Any CPU
		{604A1C78-9456-4212-9F16-08EFE97233C6}.Ad-Hoc|iPhoneSimulator.Deploy.0 = Release|Any CPU
		{604A1C78-9456-4212-9F16-08EFE97233C6}.Ad-Hoc|x64.ActiveCfg = Release|Any CPU
		{604A1C78-9456-4212-9F16-08EFE97233C6}.Ad-Hoc|x64.Build.0 = Release|Any CPU
		{604A1C78-9456-4212-9F16-08EFE97233C6}.Ad-Hoc|x64.Deploy.0 = Release|Any CPU
		{604A1C78-9456-4212-9F16-08EFE97233C6}.Ad-Hoc|x86.ActiveCfg = Release|x86
		{604A1C78-9456-4212-9F16-08EFE97233C6}.Ad-Hoc|x86.Build.0 = Release|x86
		{604A1C78-9456-4212-9F16-08EFE97233C6}.Ad-Hoc|x86.Deploy.0 = Release|x86
		{604A1C78-9456-4212-9F16-08EFE97233C6}.AppStore|Any CPU.ActiveCfg = Release|Any CPU
		{604A1C78-9456-4212-9F16-08EFE97233C6}.AppStore|Any CPU.Build.0 = Release|Any CPU
		{604A1C78-9456-4212-9F16-08EFE97233C6}.AppStore|Any CPU.Deploy.0 = Release|Any CPU
		{604A1C78-9456-4212-9F16-08EFE97233C6}.AppStore|ARM.ActiveCfg = Release|ARM
		{604A1C78-9456-4212-9F16-08EFE97233C6}.AppStore|ARM.Build.0 = Release|ARM
		{604A1C78-9456-4212-9F16-08EFE97233C6}.AppStore|ARM.Deploy.0 = Release|ARM
		{604A1C78-9456-4212-9F16-08EFE97233C6}.AppStore|iPhone.ActiveCfg = Release|Any CPU
		{604A1C78-9456-4212-9F16-08EFE97233C6}.AppStore|iPhone.Build.0 = Release|Any CPU
		{604A1C78-9456-4212-9F16-08EFE97233C6}.AppStore|iPhone.Deploy.0 = Release|Any CPU
		{604A1C78-9456-4212-9F16-08EFE97233C6}.AppStore|iPhoneSimulator.ActiveCfg = Release|Any CPU
		{604A1C78-9456-4212-9F16-08EFE97233C6}.AppStore|iPhoneSimulator.Build.0 = Release|Any CPU
		{604A1C78-9456-4212-9F16-08EFE97233C6}.AppStore|iPhoneSimulator.Deploy.0 = Release|Any CPU
		{604A1C78-9456-4212-9F16-08EFE97233C6}.AppStore|x64.ActiveCfg = Release|Any CPU
		{604A1C78-9456-4212-9F16-08EFE97233C6}.AppStore|x64.Build.0 = Release|Any CPU
		{604A1C78-9456-4212-9F16-08EFE97233C6}.AppStore|x64.Deploy.0 = Release|Any CPU
		{604A1C78-9456-4212-9F16-08EFE97233C6}.AppStore|x86.ActiveCfg = Release|x86
		{604A1C78-9456-4212-9F16-08EFE97233C6}.AppStore|x86.Build.0 = Release|x86
		{604A1C78-9456-4212-9F16-08EFE97233C6}.AppStore|x86.Deploy.0 = Release|x86
		{604A1C78-9456-4212-9F16-08EFE97233C6}.Debug|Any CPU.ActiveCfg = Debug|Any CPU
		{604A1C78-9456-4212-9F16-08EFE97233C6}.Debug|Any CPU.Build.0 = Debug|Any CPU
		{604A1C78-9456-4212-9F16-08EFE97233C6}.Debug|Any CPU.Deploy.0 = Debug|Any CPU
		{604A1C78-9456-4212-9F16-08EFE97233C6}.Debug|ARM.ActiveCfg = Debug|ARM
		{604A1C78-9456-4212-9F16-08EFE97233C6}.Debug|ARM.Build.0 = Debug|ARM
		{604A1C78-9456-4212-9F16-08EFE97233C6}.Debug|ARM.Deploy.0 = Debug|ARM
		{604A1C78-9456-4212-9F16-08EFE97233C6}.Debug|iPhone.ActiveCfg = Debug|Any CPU
		{604A1C78-9456-4212-9F16-08EFE97233C6}.Debug|iPhone.Build.0 = Debug|Any CPU
		{604A1C78-9456-4212-9F16-08EFE97233C6}.Debug|iPhone.Deploy.0 = Debug|Any CPU
		{604A1C78-9456-4212-9F16-08EFE97233C6}.Debug|iPhoneSimulator.ActiveCfg = Debug|Any CPU
		{604A1C78-9456-4212-9F16-08EFE97233C6}.Debug|iPhoneSimulator.Build.0 = Debug|Any CPU
		{604A1C78-9456-4212-9F16-08EFE97233C6}.Debug|iPhoneSimulator.Deploy.0 = Debug|Any CPU
		{604A1C78-9456-4212-9F16-08EFE97233C6}.Debug|x64.ActiveCfg = Debug|Any CPU
		{604A1C78-9456-4212-9F16-08EFE97233C6}.Debug|x64.Build.0 = Debug|Any CPU
		{604A1C78-9456-4212-9F16-08EFE97233C6}.Debug|x64.Deploy.0 = Debug|Any CPU
		{604A1C78-9456-4212-9F16-08EFE97233C6}.Debug|x86.ActiveCfg = Debug|x86
		{604A1C78-9456-4212-9F16-08EFE97233C6}.Debug|x86.Build.0 = Debug|x86
		{604A1C78-9456-4212-9F16-08EFE97233C6}.Debug|x86.Deploy.0 = Debug|x86
		{604A1C78-9456-4212-9F16-08EFE97233C6}.Release|Any CPU.ActiveCfg = Release|Any CPU
		{604A1C78-9456-4212-9F16-08EFE97233C6}.Release|Any CPU.Build.0 = Release|Any CPU
		{604A1C78-9456-4212-9F16-08EFE97233C6}.Release|Any CPU.Deploy.0 = Release|Any CPU
		{604A1C78-9456-4212-9F16-08EFE97233C6}.Release|ARM.ActiveCfg = Release|ARM
		{604A1C78-9456-4212-9F16-08EFE97233C6}.Release|ARM.Build.0 = Release|ARM
		{604A1C78-9456-4212-9F16-08EFE97233C6}.Release|ARM.Deploy.0 = Release|ARM
		{604A1C78-9456-4212-9F16-08EFE97233C6}.Release|iPhone.ActiveCfg = Release|Any CPU
		{604A1C78-9456-4212-9F16-08EFE97233C6}.Release|iPhone.Build.0 = Release|Any CPU
		{604A1C78-9456-4212-9F16-08EFE97233C6}.Release|iPhone.Deploy.0 = Release|Any CPU
		{604A1C78-9456-4212-9F16-08EFE97233C6}.Release|iPhoneSimulator.ActiveCfg = Release|Any CPU
		{604A1C78-9456-4212-9F16-08EFE97233C6}.Release|iPhoneSimulator.Build.0 = Release|Any CPU
		{604A1C78-9456-4212-9F16-08EFE97233C6}.Release|iPhoneSimulator.Deploy.0 = Release|Any CPU
		{604A1C78-9456-4212-9F16-08EFE97233C6}.Release|x64.ActiveCfg = Release|Any CPU
		{604A1C78-9456-4212-9F16-08EFE97233C6}.Release|x64.Build.0 = Release|Any CPU
		{604A1C78-9456-4212-9F16-08EFE97233C6}.Release|x64.Deploy.0 = Release|Any CPU
		{604A1C78-9456-4212-9F16-08EFE97233C6}.Release|x86.ActiveCfg = Release|x86
		{604A1C78-9456-4212-9F16-08EFE97233C6}.Release|x86.Build.0 = Release|x86
		{604A1C78-9456-4212-9F16-08EFE97233C6}.Release|x86.Deploy.0 = Release|x86
		{85658628-F9D3-46DD-BFC9-4471633424B4}.Ad-Hoc|Any CPU.ActiveCfg = Release|x86
		{85658628-F9D3-46DD-BFC9-4471633424B4}.Ad-Hoc|Any CPU.Build.0 = Release|x86
		{85658628-F9D3-46DD-BFC9-4471633424B4}.Ad-Hoc|Any CPU.Deploy.0 = Release|x86
		{85658628-F9D3-46DD-BFC9-4471633424B4}.Ad-Hoc|ARM.ActiveCfg = Release|ARM
		{85658628-F9D3-46DD-BFC9-4471633424B4}.Ad-Hoc|ARM.Build.0 = Release|ARM
		{85658628-F9D3-46DD-BFC9-4471633424B4}.Ad-Hoc|ARM.Deploy.0 = Release|ARM
		{85658628-F9D3-46DD-BFC9-4471633424B4}.Ad-Hoc|iPhone.ActiveCfg = Release|x86
		{85658628-F9D3-46DD-BFC9-4471633424B4}.Ad-Hoc|iPhone.Build.0 = Release|x86
		{85658628-F9D3-46DD-BFC9-4471633424B4}.Ad-Hoc|iPhone.Deploy.0 = Release|x86
		{85658628-F9D3-46DD-BFC9-4471633424B4}.Ad-Hoc|iPhoneSimulator.ActiveCfg = Release|x86
		{85658628-F9D3-46DD-BFC9-4471633424B4}.Ad-Hoc|iPhoneSimulator.Build.0 = Release|x86
		{85658628-F9D3-46DD-BFC9-4471633424B4}.Ad-Hoc|iPhoneSimulator.Deploy.0 = Release|x86
		{85658628-F9D3-46DD-BFC9-4471633424B4}.Ad-Hoc|x64.ActiveCfg = Release|x64
		{85658628-F9D3-46DD-BFC9-4471633424B4}.Ad-Hoc|x64.Build.0 = Release|x64
		{85658628-F9D3-46DD-BFC9-4471633424B4}.Ad-Hoc|x64.Deploy.0 = Release|x64
		{85658628-F9D3-46DD-BFC9-4471633424B4}.Ad-Hoc|x86.ActiveCfg = Release|x86
		{85658628-F9D3-46DD-BFC9-4471633424B4}.Ad-Hoc|x86.Build.0 = Release|x86
		{85658628-F9D3-46DD-BFC9-4471633424B4}.Ad-Hoc|x86.Deploy.0 = Release|x86
		{85658628-F9D3-46DD-BFC9-4471633424B4}.AppStore|Any CPU.ActiveCfg = Release|x86
		{85658628-F9D3-46DD-BFC9-4471633424B4}.AppStore|Any CPU.Build.0 = Release|x86
		{85658628-F9D3-46DD-BFC9-4471633424B4}.AppStore|Any CPU.Deploy.0 = Release|x86
		{85658628-F9D3-46DD-BFC9-4471633424B4}.AppStore|ARM.ActiveCfg = Release|ARM
		{85658628-F9D3-46DD-BFC9-4471633424B4}.AppStore|ARM.Build.0 = Release|ARM
		{85658628-F9D3-46DD-BFC9-4471633424B4}.AppStore|ARM.Deploy.0 = Release|ARM
		{85658628-F9D3-46DD-BFC9-4471633424B4}.AppStore|iPhone.ActiveCfg = Release|x86
		{85658628-F9D3-46DD-BFC9-4471633424B4}.AppStore|iPhone.Build.0 = Release|x86
		{85658628-F9D3-46DD-BFC9-4471633424B4}.AppStore|iPhone.Deploy.0 = Release|x86
		{85658628-F9D3-46DD-BFC9-4471633424B4}.AppStore|iPhoneSimulator.ActiveCfg = Release|x86
		{85658628-F9D3-46DD-BFC9-4471633424B4}.AppStore|iPhoneSimulator.Build.0 = Release|x86
		{85658628-F9D3-46DD-BFC9-4471633424B4}.AppStore|iPhoneSimulator.Deploy.0 = Release|x86
		{85658628-F9D3-46DD-BFC9-4471633424B4}.AppStore|x64.ActiveCfg = Release|x64
		{85658628-F9D3-46DD-BFC9-4471633424B4}.AppStore|x64.Build.0 = Release|x64
		{85658628-F9D3-46DD-BFC9-4471633424B4}.AppStore|x64.Deploy.0 = Release|x64
		{85658628-F9D3-46DD-BFC9-4471633424B4}.AppStore|x86.ActiveCfg = Release|x86
		{85658628-F9D3-46DD-BFC9-4471633424B4}.AppStore|x86.Build.0 = Release|x86
		{85658628-F9D3-46DD-BFC9-4471633424B4}.AppStore|x86.Deploy.0 = Release|x86
		{85658628-F9D3-46DD-BFC9-4471633424B4}.Debug|Any CPU.ActiveCfg = Debug|x86
		{85658628-F9D3-46DD-BFC9-4471633424B4}.Debug|ARM.ActiveCfg = Debug|ARM
		{85658628-F9D3-46DD-BFC9-4471633424B4}.Debug|ARM.Build.0 = Debug|ARM
		{85658628-F9D3-46DD-BFC9-4471633424B4}.Debug|ARM.Deploy.0 = Debug|ARM
		{85658628-F9D3-46DD-BFC9-4471633424B4}.Debug|iPhone.ActiveCfg = Debug|x86
		{85658628-F9D3-46DD-BFC9-4471633424B4}.Debug|iPhoneSimulator.ActiveCfg = Debug|x86
		{85658628-F9D3-46DD-BFC9-4471633424B4}.Debug|x64.ActiveCfg = Debug|x64
		{85658628-F9D3-46DD-BFC9-4471633424B4}.Debug|x64.Build.0 = Debug|x64
		{85658628-F9D3-46DD-BFC9-4471633424B4}.Debug|x64.Deploy.0 = Debug|x64
		{85658628-F9D3-46DD-BFC9-4471633424B4}.Debug|x86.ActiveCfg = Debug|x86
		{85658628-F9D3-46DD-BFC9-4471633424B4}.Debug|x86.Build.0 = Debug|x86
		{85658628-F9D3-46DD-BFC9-4471633424B4}.Debug|x86.Deploy.0 = Debug|x86
		{85658628-F9D3-46DD-BFC9-4471633424B4}.Release|Any CPU.ActiveCfg = Release|x86
		{85658628-F9D3-46DD-BFC9-4471633424B4}.Release|ARM.ActiveCfg = Release|ARM
		{85658628-F9D3-46DD-BFC9-4471633424B4}.Release|ARM.Build.0 = Release|ARM
		{85658628-F9D3-46DD-BFC9-4471633424B4}.Release|ARM.Deploy.0 = Release|ARM
		{85658628-F9D3-46DD-BFC9-4471633424B4}.Release|iPhone.ActiveCfg = Release|x86
		{85658628-F9D3-46DD-BFC9-4471633424B4}.Release|iPhoneSimulator.ActiveCfg = Release|x86
		{85658628-F9D3-46DD-BFC9-4471633424B4}.Release|x64.ActiveCfg = Release|x64
		{85658628-F9D3-46DD-BFC9-4471633424B4}.Release|x64.Build.0 = Release|x64
		{85658628-F9D3-46DD-BFC9-4471633424B4}.Release|x64.Deploy.0 = Release|x64
		{85658628-F9D3-46DD-BFC9-4471633424B4}.Release|x86.ActiveCfg = Release|x86
		{85658628-F9D3-46DD-BFC9-4471633424B4}.Release|x86.Build.0 = Release|x86
		{85658628-F9D3-46DD-BFC9-4471633424B4}.Release|x86.Deploy.0 = Release|x86
		{C67F5642-F0DA-409F-9C4E-C393C4162E70}.Ad-Hoc|Any CPU.ActiveCfg = Release|Any CPU
		{C67F5642-F0DA-409F-9C4E-C393C4162E70}.Ad-Hoc|Any CPU.Build.0 = Release|Any CPU
		{C67F5642-F0DA-409F-9C4E-C393C4162E70}.Ad-Hoc|Any CPU.Deploy.0 = Release|Any CPU
		{C67F5642-F0DA-409F-9C4E-C393C4162E70}.Ad-Hoc|ARM.ActiveCfg = Release|ARM
		{C67F5642-F0DA-409F-9C4E-C393C4162E70}.Ad-Hoc|ARM.Build.0 = Release|ARM
		{C67F5642-F0DA-409F-9C4E-C393C4162E70}.Ad-Hoc|ARM.Deploy.0 = Release|ARM
		{C67F5642-F0DA-409F-9C4E-C393C4162E70}.Ad-Hoc|iPhone.ActiveCfg = Release|Any CPU
		{C67F5642-F0DA-409F-9C4E-C393C4162E70}.Ad-Hoc|iPhone.Build.0 = Release|Any CPU
		{C67F5642-F0DA-409F-9C4E-C393C4162E70}.Ad-Hoc|iPhone.Deploy.0 = Release|Any CPU
		{C67F5642-F0DA-409F-9C4E-C393C4162E70}.Ad-Hoc|iPhoneSimulator.ActiveCfg = Release|Any CPU
		{C67F5642-F0DA-409F-9C4E-C393C4162E70}.Ad-Hoc|iPhoneSimulator.Build.0 = Release|Any CPU
		{C67F5642-F0DA-409F-9C4E-C393C4162E70}.Ad-Hoc|iPhoneSimulator.Deploy.0 = Release|Any CPU
		{C67F5642-F0DA-409F-9C4E-C393C4162E70}.Ad-Hoc|x64.ActiveCfg = Release|x64
		{C67F5642-F0DA-409F-9C4E-C393C4162E70}.Ad-Hoc|x64.Build.0 = Release|x64
		{C67F5642-F0DA-409F-9C4E-C393C4162E70}.Ad-Hoc|x64.Deploy.0 = Release|x64
		{C67F5642-F0DA-409F-9C4E-C393C4162E70}.Ad-Hoc|x86.ActiveCfg = Release|x86
		{C67F5642-F0DA-409F-9C4E-C393C4162E70}.Ad-Hoc|x86.Build.0 = Release|x86
		{C67F5642-F0DA-409F-9C4E-C393C4162E70}.Ad-Hoc|x86.Deploy.0 = Release|x86
		{C67F5642-F0DA-409F-9C4E-C393C4162E70}.AppStore|Any CPU.ActiveCfg = Release|Any CPU
		{C67F5642-F0DA-409F-9C4E-C393C4162E70}.AppStore|Any CPU.Build.0 = Release|Any CPU
		{C67F5642-F0DA-409F-9C4E-C393C4162E70}.AppStore|Any CPU.Deploy.0 = Release|Any CPU
		{C67F5642-F0DA-409F-9C4E-C393C4162E70}.AppStore|ARM.ActiveCfg = Release|ARM
		{C67F5642-F0DA-409F-9C4E-C393C4162E70}.AppStore|ARM.Build.0 = Release|ARM
		{C67F5642-F0DA-409F-9C4E-C393C4162E70}.AppStore|ARM.Deploy.0 = Release|ARM
		{C67F5642-F0DA-409F-9C4E-C393C4162E70}.AppStore|iPhone.ActiveCfg = Release|Any CPU
		{C67F5642-F0DA-409F-9C4E-C393C4162E70}.AppStore|iPhone.Build.0 = Release|Any CPU
		{C67F5642-F0DA-409F-9C4E-C393C4162E70}.AppStore|iPhone.Deploy.0 = Release|Any CPU
		{C67F5642-F0DA-409F-9C4E-C393C4162E70}.AppStore|iPhoneSimulator.ActiveCfg = Release|Any CPU
		{C67F5642-F0DA-409F-9C4E-C393C4162E70}.AppStore|iPhoneSimulator.Build.0 = Release|Any CPU
		{C67F5642-F0DA-409F-9C4E-C393C4162E70}.AppStore|iPhoneSimulator.Deploy.0 = Release|Any CPU
		{C67F5642-F0DA-409F-9C4E-C393C4162E70}.AppStore|x64.ActiveCfg = Release|x64
		{C67F5642-F0DA-409F-9C4E-C393C4162E70}.AppStore|x64.Build.0 = Release|x64
		{C67F5642-F0DA-409F-9C4E-C393C4162E70}.AppStore|x64.Deploy.0 = Release|x64
		{C67F5642-F0DA-409F-9C4E-C393C4162E70}.AppStore|x86.ActiveCfg = Release|x86
		{C67F5642-F0DA-409F-9C4E-C393C4162E70}.AppStore|x86.Build.0 = Release|x86
		{C67F5642-F0DA-409F-9C4E-C393C4162E70}.AppStore|x86.Deploy.0 = Release|x86
		{C67F5642-F0DA-409F-9C4E-C393C4162E70}.Debug|Any CPU.ActiveCfg = Debug|Any CPU
		{C67F5642-F0DA-409F-9C4E-C393C4162E70}.Debug|Any CPU.Build.0 = Debug|Any CPU
		{C67F5642-F0DA-409F-9C4E-C393C4162E70}.Debug|Any CPU.Deploy.0 = Debug|Any CPU
		{C67F5642-F0DA-409F-9C4E-C393C4162E70}.Debug|ARM.ActiveCfg = Debug|ARM
		{C67F5642-F0DA-409F-9C4E-C393C4162E70}.Debug|ARM.Build.0 = Debug|ARM
		{C67F5642-F0DA-409F-9C4E-C393C4162E70}.Debug|ARM.Deploy.0 = Debug|ARM
		{C67F5642-F0DA-409F-9C4E-C393C4162E70}.Debug|iPhone.ActiveCfg = Debug|Any CPU
		{C67F5642-F0DA-409F-9C4E-C393C4162E70}.Debug|iPhone.Build.0 = Debug|Any CPU
		{C67F5642-F0DA-409F-9C4E-C393C4162E70}.Debug|iPhone.Deploy.0 = Debug|Any CPU
		{C67F5642-F0DA-409F-9C4E-C393C4162E70}.Debug|iPhoneSimulator.ActiveCfg = Debug|Any CPU
		{C67F5642-F0DA-409F-9C4E-C393C4162E70}.Debug|iPhoneSimulator.Build.0 = Debug|Any CPU
		{C67F5642-F0DA-409F-9C4E-C393C4162E70}.Debug|iPhoneSimulator.Deploy.0 = Debug|Any CPU
		{C67F5642-F0DA-409F-9C4E-C393C4162E70}.Debug|x64.ActiveCfg = Debug|x64
		{C67F5642-F0DA-409F-9C4E-C393C4162E70}.Debug|x64.Build.0 = Debug|x64
		{C67F5642-F0DA-409F-9C4E-C393C4162E70}.Debug|x64.Deploy.0 = Debug|x64
		{C67F5642-F0DA-409F-9C4E-C393C4162E70}.Debug|x86.ActiveCfg = Debug|x86
		{C67F5642-F0DA-409F-9C4E-C393C4162E70}.Debug|x86.Build.0 = Debug|x86
		{C67F5642-F0DA-409F-9C4E-C393C4162E70}.Debug|x86.Deploy.0 = Debug|x86
		{C67F5642-F0DA-409F-9C4E-C393C4162E70}.Release|Any CPU.ActiveCfg = Release|Any CPU
		{C67F5642-F0DA-409F-9C4E-C393C4162E70}.Release|Any CPU.Build.0 = Release|Any CPU
		{C67F5642-F0DA-409F-9C4E-C393C4162E70}.Release|Any CPU.Deploy.0 = Release|Any CPU
		{C67F5642-F0DA-409F-9C4E-C393C4162E70}.Release|ARM.ActiveCfg = Release|ARM
		{C67F5642-F0DA-409F-9C4E-C393C4162E70}.Release|ARM.Build.0 = Release|ARM
		{C67F5642-F0DA-409F-9C4E-C393C4162E70}.Release|ARM.Deploy.0 = Release|ARM
		{C67F5642-F0DA-409F-9C4E-C393C4162E70}.Release|iPhone.ActiveCfg = Release|Any CPU
		{C67F5642-F0DA-409F-9C4E-C393C4162E70}.Release|iPhone.Build.0 = Release|Any CPU
		{C67F5642-F0DA-409F-9C4E-C393C4162E70}.Release|iPhone.Deploy.0 = Release|Any CPU
		{C67F5642-F0DA-409F-9C4E-C393C4162E70}.Release|iPhoneSimulator.ActiveCfg = Release|Any CPU
		{C67F5642-F0DA-409F-9C4E-C393C4162E70}.Release|iPhoneSimulator.Build.0 = Release|Any CPU
		{C67F5642-F0DA-409F-9C4E-C393C4162E70}.Release|iPhoneSimulator.Deploy.0 = Release|Any CPU
		{C67F5642-F0DA-409F-9C4E-C393C4162E70}.Release|x64.ActiveCfg = Release|x64
		{C67F5642-F0DA-409F-9C4E-C393C4162E70}.Release|x64.Build.0 = Release|x64
		{C67F5642-F0DA-409F-9C4E-C393C4162E70}.Release|x64.Deploy.0 = Release|x64
		{C67F5642-F0DA-409F-9C4E-C393C4162E70}.Release|x86.ActiveCfg = Release|x86
		{C67F5642-F0DA-409F-9C4E-C393C4162E70}.Release|x86.Build.0 = Release|x86
		{C67F5642-F0DA-409F-9C4E-C393C4162E70}.Release|x86.Deploy.0 = Release|x86
		{E1FA4CA9-C847-42FC-90DC-A81CF1DB8820}.Ad-Hoc|Any CPU.ActiveCfg = Release|Any CPU
		{E1FA4CA9-C847-42FC-90DC-A81CF1DB8820}.Ad-Hoc|Any CPU.Build.0 = Release|Any CPU
		{E1FA4CA9-C847-42FC-90DC-A81CF1DB8820}.Ad-Hoc|ARM.ActiveCfg = Release|Any CPU
		{E1FA4CA9-C847-42FC-90DC-A81CF1DB8820}.Ad-Hoc|ARM.Build.0 = Release|Any CPU
		{E1FA4CA9-C847-42FC-90DC-A81CF1DB8820}.Ad-Hoc|iPhone.ActiveCfg = Release|Any CPU
		{E1FA4CA9-C847-42FC-90DC-A81CF1DB8820}.Ad-Hoc|iPhone.Build.0 = Release|Any CPU
		{E1FA4CA9-C847-42FC-90DC-A81CF1DB8820}.Ad-Hoc|iPhoneSimulator.ActiveCfg = Release|Any CPU
		{E1FA4CA9-C847-42FC-90DC-A81CF1DB8820}.Ad-Hoc|iPhoneSimulator.Build.0 = Release|Any CPU
		{E1FA4CA9-C847-42FC-90DC-A81CF1DB8820}.Ad-Hoc|x64.ActiveCfg = Release|Any CPU
		{E1FA4CA9-C847-42FC-90DC-A81CF1DB8820}.Ad-Hoc|x64.Build.0 = Release|Any CPU
		{E1FA4CA9-C847-42FC-90DC-A81CF1DB8820}.Ad-Hoc|x86.ActiveCfg = Release|Any CPU
		{E1FA4CA9-C847-42FC-90DC-A81CF1DB8820}.Ad-Hoc|x86.Build.0 = Release|Any CPU
		{E1FA4CA9-C847-42FC-90DC-A81CF1DB8820}.AppStore|Any CPU.ActiveCfg = Release|Any CPU
		{E1FA4CA9-C847-42FC-90DC-A81CF1DB8820}.AppStore|Any CPU.Build.0 = Release|Any CPU
		{E1FA4CA9-C847-42FC-90DC-A81CF1DB8820}.AppStore|ARM.ActiveCfg = Release|Any CPU
		{E1FA4CA9-C847-42FC-90DC-A81CF1DB8820}.AppStore|ARM.Build.0 = Release|Any CPU
		{E1FA4CA9-C847-42FC-90DC-A81CF1DB8820}.AppStore|iPhone.ActiveCfg = Release|Any CPU
		{E1FA4CA9-C847-42FC-90DC-A81CF1DB8820}.AppStore|iPhone.Build.0 = Release|Any CPU
		{E1FA4CA9-C847-42FC-90DC-A81CF1DB8820}.AppStore|iPhoneSimulator.ActiveCfg = Release|Any CPU
		{E1FA4CA9-C847-42FC-90DC-A81CF1DB8820}.AppStore|iPhoneSimulator.Build.0 = Release|Any CPU
		{E1FA4CA9-C847-42FC-90DC-A81CF1DB8820}.AppStore|x64.ActiveCfg = Release|Any CPU
		{E1FA4CA9-C847-42FC-90DC-A81CF1DB8820}.AppStore|x64.Build.0 = Release|Any CPU
		{E1FA4CA9-C847-42FC-90DC-A81CF1DB8820}.AppStore|x86.ActiveCfg = Release|Any CPU
		{E1FA4CA9-C847-42FC-90DC-A81CF1DB8820}.AppStore|x86.Build.0 = Release|Any CPU
		{E1FA4CA9-C847-42FC-90DC-A81CF1DB8820}.Debug|Any CPU.ActiveCfg = Debug|Any CPU
		{E1FA4CA9-C847-42FC-90DC-A81CF1DB8820}.Debug|Any CPU.Build.0 = Debug|Any CPU
		{E1FA4CA9-C847-42FC-90DC-A81CF1DB8820}.Debug|ARM.ActiveCfg = Debug|Any CPU
		{E1FA4CA9-C847-42FC-90DC-A81CF1DB8820}.Debug|ARM.Build.0 = Debug|Any CPU
		{E1FA4CA9-C847-42FC-90DC-A81CF1DB8820}.Debug|iPhone.ActiveCfg = Debug|Any CPU
		{E1FA4CA9-C847-42FC-90DC-A81CF1DB8820}.Debug|iPhone.Build.0 = Debug|Any CPU
		{E1FA4CA9-C847-42FC-90DC-A81CF1DB8820}.Debug|iPhoneSimulator.ActiveCfg = Debug|Any CPU
		{E1FA4CA9-C847-42FC-90DC-A81CF1DB8820}.Debug|iPhoneSimulator.Build.0 = Debug|Any CPU
		{E1FA4CA9-C847-42FC-90DC-A81CF1DB8820}.Debug|x64.ActiveCfg = Debug|Any CPU
		{E1FA4CA9-C847-42FC-90DC-A81CF1DB8820}.Debug|x64.Build.0 = Debug|Any CPU
		{E1FA4CA9-C847-42FC-90DC-A81CF1DB8820}.Debug|x86.ActiveCfg = Debug|Any CPU
		{E1FA4CA9-C847-42FC-90DC-A81CF1DB8820}.Debug|x86.Build.0 = Debug|Any CPU
		{E1FA4CA9-C847-42FC-90DC-A81CF1DB8820}.Release|Any CPU.ActiveCfg = Release|Any CPU
		{E1FA4CA9-C847-42FC-90DC-A81CF1DB8820}.Release|Any CPU.Build.0 = Release|Any CPU
		{E1FA4CA9-C847-42FC-90DC-A81CF1DB8820}.Release|ARM.ActiveCfg = Release|Any CPU
		{E1FA4CA9-C847-42FC-90DC-A81CF1DB8820}.Release|ARM.Build.0 = Release|Any CPU
		{E1FA4CA9-C847-42FC-90DC-A81CF1DB8820}.Release|iPhone.ActiveCfg = Release|Any CPU
		{E1FA4CA9-C847-42FC-90DC-A81CF1DB8820}.Release|iPhone.Build.0 = Release|Any CPU
		{E1FA4CA9-C847-42FC-90DC-A81CF1DB8820}.Release|iPhoneSimulator.ActiveCfg = Release|Any CPU
		{E1FA4CA9-C847-42FC-90DC-A81CF1DB8820}.Release|iPhoneSimulator.Build.0 = Release|Any CPU
		{E1FA4CA9-C847-42FC-90DC-A81CF1DB8820}.Release|x64.ActiveCfg = Release|Any CPU
		{E1FA4CA9-C847-42FC-90DC-A81CF1DB8820}.Release|x64.Build.0 = Release|Any CPU
		{E1FA4CA9-C847-42FC-90DC-A81CF1DB8820}.Release|x86.ActiveCfg = Release|Any CPU
		{E1FA4CA9-C847-42FC-90DC-A81CF1DB8820}.Release|x86.Build.0 = Release|Any CPU
		{92754E96-1727-48C2-BD72-D4F103FFA23E}.Ad-Hoc|Any CPU.ActiveCfg = Release|Any CPU
		{92754E96-1727-48C2-BD72-D4F103FFA23E}.Ad-Hoc|Any CPU.Build.0 = Release|Any CPU
		{92754E96-1727-48C2-BD72-D4F103FFA23E}.Ad-Hoc|ARM.ActiveCfg = Release|Any CPU
		{92754E96-1727-48C2-BD72-D4F103FFA23E}.Ad-Hoc|ARM.Build.0 = Release|Any CPU
		{92754E96-1727-48C2-BD72-D4F103FFA23E}.Ad-Hoc|iPhone.ActiveCfg = Release|Any CPU
		{92754E96-1727-48C2-BD72-D4F103FFA23E}.Ad-Hoc|iPhone.Build.0 = Release|Any CPU
		{92754E96-1727-48C2-BD72-D4F103FFA23E}.Ad-Hoc|iPhoneSimulator.ActiveCfg = Release|Any CPU
		{92754E96-1727-48C2-BD72-D4F103FFA23E}.Ad-Hoc|iPhoneSimulator.Build.0 = Release|Any CPU
		{92754E96-1727-48C2-BD72-D4F103FFA23E}.Ad-Hoc|x64.ActiveCfg = Release|Any CPU
		{92754E96-1727-48C2-BD72-D4F103FFA23E}.Ad-Hoc|x64.Build.0 = Release|Any CPU
		{92754E96-1727-48C2-BD72-D4F103FFA23E}.Ad-Hoc|x86.ActiveCfg = Release|Any CPU
		{92754E96-1727-48C2-BD72-D4F103FFA23E}.Ad-Hoc|x86.Build.0 = Release|Any CPU
		{92754E96-1727-48C2-BD72-D4F103FFA23E}.AppStore|Any CPU.ActiveCfg = Release|Any CPU
		{92754E96-1727-48C2-BD72-D4F103FFA23E}.AppStore|Any CPU.Build.0 = Release|Any CPU
		{92754E96-1727-48C2-BD72-D4F103FFA23E}.AppStore|ARM.ActiveCfg = Release|Any CPU
		{92754E96-1727-48C2-BD72-D4F103FFA23E}.AppStore|ARM.Build.0 = Release|Any CPU
		{92754E96-1727-48C2-BD72-D4F103FFA23E}.AppStore|iPhone.ActiveCfg = Release|Any CPU
		{92754E96-1727-48C2-BD72-D4F103FFA23E}.AppStore|iPhone.Build.0 = Release|Any CPU
		{92754E96-1727-48C2-BD72-D4F103FFA23E}.AppStore|iPhoneSimulator.ActiveCfg = Release|Any CPU
		{92754E96-1727-48C2-BD72-D4F103FFA23E}.AppStore|iPhoneSimulator.Build.0 = Release|Any CPU
		{92754E96-1727-48C2-BD72-D4F103FFA23E}.AppStore|x64.ActiveCfg = Release|Any CPU
		{92754E96-1727-48C2-BD72-D4F103FFA23E}.AppStore|x64.Build.0 = Release|Any CPU
		{92754E96-1727-48C2-BD72-D4F103FFA23E}.AppStore|x86.ActiveCfg = Release|Any CPU
		{92754E96-1727-48C2-BD72-D4F103FFA23E}.AppStore|x86.Build.0 = Release|Any CPU
		{92754E96-1727-48C2-BD72-D4F103FFA23E}.Debug|Any CPU.ActiveCfg = Debug|Any CPU
		{92754E96-1727-48C2-BD72-D4F103FFA23E}.Debug|Any CPU.Build.0 = Debug|Any CPU
		{92754E96-1727-48C2-BD72-D4F103FFA23E}.Debug|ARM.ActiveCfg = Debug|Any CPU
		{92754E96-1727-48C2-BD72-D4F103FFA23E}.Debug|ARM.Build.0 = Debug|Any CPU
		{92754E96-1727-48C2-BD72-D4F103FFA23E}.Debug|iPhone.ActiveCfg = Debug|Any CPU
		{92754E96-1727-48C2-BD72-D4F103FFA23E}.Debug|iPhone.Build.0 = Debug|Any CPU
		{92754E96-1727-48C2-BD72-D4F103FFA23E}.Debug|iPhoneSimulator.ActiveCfg = Debug|Any CPU
		{92754E96-1727-48C2-BD72-D4F103FFA23E}.Debug|iPhoneSimulator.Build.0 = Debug|Any CPU
		{92754E96-1727-48C2-BD72-D4F103FFA23E}.Debug|x64.ActiveCfg = Debug|Any CPU
		{92754E96-1727-48C2-BD72-D4F103FFA23E}.Debug|x64.Build.0 = Debug|Any CPU
		{92754E96-1727-48C2-BD72-D4F103FFA23E}.Debug|x86.ActiveCfg = Debug|Any CPU
		{92754E96-1727-48C2-BD72-D4F103FFA23E}.Debug|x86.Build.0 = Debug|Any CPU
		{92754E96-1727-48C2-BD72-D4F103FFA23E}.Release|Any CPU.ActiveCfg = Release|Any CPU
		{92754E96-1727-48C2-BD72-D4F103FFA23E}.Release|Any CPU.Build.0 = Release|Any CPU
		{92754E96-1727-48C2-BD72-D4F103FFA23E}.Release|ARM.ActiveCfg = Release|Any CPU
		{92754E96-1727-48C2-BD72-D4F103FFA23E}.Release|ARM.Build.0 = Release|Any CPU
		{92754E96-1727-48C2-BD72-D4F103FFA23E}.Release|iPhone.ActiveCfg = Release|Any CPU
		{92754E96-1727-48C2-BD72-D4F103FFA23E}.Release|iPhone.Build.0 = Release|Any CPU
		{92754E96-1727-48C2-BD72-D4F103FFA23E}.Release|iPhoneSimulator.ActiveCfg = Release|Any CPU
		{92754E96-1727-48C2-BD72-D4F103FFA23E}.Release|iPhoneSimulator.Build.0 = Release|Any CPU
		{92754E96-1727-48C2-BD72-D4F103FFA23E}.Release|x64.ActiveCfg = Release|Any CPU
		{92754E96-1727-48C2-BD72-D4F103FFA23E}.Release|x64.Build.0 = Release|Any CPU
		{92754E96-1727-48C2-BD72-D4F103FFA23E}.Release|x86.ActiveCfg = Release|Any CPU
		{92754E96-1727-48C2-BD72-D4F103FFA23E}.Release|x86.Build.0 = Release|Any CPU
		{BA83A690-B87E-4D99-BDEF-BD3CE7D71A68}.Ad-Hoc|Any CPU.ActiveCfg = Release|Any CPU
		{BA83A690-B87E-4D99-BDEF-BD3CE7D71A68}.Ad-Hoc|Any CPU.Build.0 = Release|Any CPU
		{BA83A690-B87E-4D99-BDEF-BD3CE7D71A68}.Ad-Hoc|ARM.ActiveCfg = Release|Any CPU
		{BA83A690-B87E-4D99-BDEF-BD3CE7D71A68}.Ad-Hoc|ARM.Build.0 = Release|Any CPU
		{BA83A690-B87E-4D99-BDEF-BD3CE7D71A68}.Ad-Hoc|iPhone.ActiveCfg = Release|Any CPU
		{BA83A690-B87E-4D99-BDEF-BD3CE7D71A68}.Ad-Hoc|iPhone.Build.0 = Release|Any CPU
		{BA83A690-B87E-4D99-BDEF-BD3CE7D71A68}.Ad-Hoc|iPhoneSimulator.ActiveCfg = Release|Any CPU
		{BA83A690-B87E-4D99-BDEF-BD3CE7D71A68}.Ad-Hoc|iPhoneSimulator.Build.0 = Release|Any CPU
		{BA83A690-B87E-4D99-BDEF-BD3CE7D71A68}.Ad-Hoc|x64.ActiveCfg = Release|Any CPU
		{BA83A690-B87E-4D99-BDEF-BD3CE7D71A68}.Ad-Hoc|x64.Build.0 = Release|Any CPU
		{BA83A690-B87E-4D99-BDEF-BD3CE7D71A68}.Ad-Hoc|x86.ActiveCfg = Release|Any CPU
		{BA83A690-B87E-4D99-BDEF-BD3CE7D71A68}.Ad-Hoc|x86.Build.0 = Release|Any CPU
		{BA83A690-B87E-4D99-BDEF-BD3CE7D71A68}.AppStore|Any CPU.ActiveCfg = Release|Any CPU
		{BA83A690-B87E-4D99-BDEF-BD3CE7D71A68}.AppStore|Any CPU.Build.0 = Release|Any CPU
		{BA83A690-B87E-4D99-BDEF-BD3CE7D71A68}.AppStore|ARM.ActiveCfg = Release|Any CPU
		{BA83A690-B87E-4D99-BDEF-BD3CE7D71A68}.AppStore|ARM.Build.0 = Release|Any CPU
		{BA83A690-B87E-4D99-BDEF-BD3CE7D71A68}.AppStore|iPhone.ActiveCfg = Release|Any CPU
		{BA83A690-B87E-4D99-BDEF-BD3CE7D71A68}.AppStore|iPhone.Build.0 = Release|Any CPU
		{BA83A690-B87E-4D99-BDEF-BD3CE7D71A68}.AppStore|iPhoneSimulator.ActiveCfg = Release|Any CPU
		{BA83A690-B87E-4D99-BDEF-BD3CE7D71A68}.AppStore|iPhoneSimulator.Build.0 = Release|Any CPU
		{BA83A690-B87E-4D99-BDEF-BD3CE7D71A68}.AppStore|x64.ActiveCfg = Release|Any CPU
		{BA83A690-B87E-4D99-BDEF-BD3CE7D71A68}.AppStore|x64.Build.0 = Release|Any CPU
		{BA83A690-B87E-4D99-BDEF-BD3CE7D71A68}.AppStore|x86.ActiveCfg = Release|Any CPU
		{BA83A690-B87E-4D99-BDEF-BD3CE7D71A68}.AppStore|x86.Build.0 = Release|Any CPU
		{BA83A690-B87E-4D99-BDEF-BD3CE7D71A68}.Debug|Any CPU.ActiveCfg = Debug|Any CPU
		{BA83A690-B87E-4D99-BDEF-BD3CE7D71A68}.Debug|Any CPU.Build.0 = Debug|Any CPU
		{BA83A690-B87E-4D99-BDEF-BD3CE7D71A68}.Debug|ARM.ActiveCfg = Debug|Any CPU
		{BA83A690-B87E-4D99-BDEF-BD3CE7D71A68}.Debug|ARM.Build.0 = Debug|Any CPU
		{BA83A690-B87E-4D99-BDEF-BD3CE7D71A68}.Debug|iPhone.ActiveCfg = Debug|Any CPU
		{BA83A690-B87E-4D99-BDEF-BD3CE7D71A68}.Debug|iPhone.Build.0 = Debug|Any CPU
		{BA83A690-B87E-4D99-BDEF-BD3CE7D71A68}.Debug|iPhoneSimulator.ActiveCfg = Debug|Any CPU
		{BA83A690-B87E-4D99-BDEF-BD3CE7D71A68}.Debug|iPhoneSimulator.Build.0 = Debug|Any CPU
		{BA83A690-B87E-4D99-BDEF-BD3CE7D71A68}.Debug|x64.ActiveCfg = Debug|Any CPU
		{BA83A690-B87E-4D99-BDEF-BD3CE7D71A68}.Debug|x64.Build.0 = Debug|Any CPU
		{BA83A690-B87E-4D99-BDEF-BD3CE7D71A68}.Debug|x86.ActiveCfg = Debug|Any CPU
		{BA83A690-B87E-4D99-BDEF-BD3CE7D71A68}.Debug|x86.Build.0 = Debug|Any CPU
		{BA83A690-B87E-4D99-BDEF-BD3CE7D71A68}.Release|Any CPU.ActiveCfg = Release|Any CPU
		{BA83A690-B87E-4D99-BDEF-BD3CE7D71A68}.Release|Any CPU.Build.0 = Release|Any CPU
		{BA83A690-B87E-4D99-BDEF-BD3CE7D71A68}.Release|ARM.ActiveCfg = Release|Any CPU
		{BA83A690-B87E-4D99-BDEF-BD3CE7D71A68}.Release|ARM.Build.0 = Release|Any CPU
		{BA83A690-B87E-4D99-BDEF-BD3CE7D71A68}.Release|iPhone.ActiveCfg = Release|Any CPU
		{BA83A690-B87E-4D99-BDEF-BD3CE7D71A68}.Release|iPhone.Build.0 = Release|Any CPU
		{BA83A690-B87E-4D99-BDEF-BD3CE7D71A68}.Release|iPhoneSimulator.ActiveCfg = Release|Any CPU
		{BA83A690-B87E-4D99-BDEF-BD3CE7D71A68}.Release|iPhoneSimulator.Build.0 = Release|Any CPU
		{BA83A690-B87E-4D99-BDEF-BD3CE7D71A68}.Release|x64.ActiveCfg = Release|Any CPU
		{BA83A690-B87E-4D99-BDEF-BD3CE7D71A68}.Release|x64.Build.0 = Release|Any CPU
		{BA83A690-B87E-4D99-BDEF-BD3CE7D71A68}.Release|x86.ActiveCfg = Release|Any CPU
		{BA83A690-B87E-4D99-BDEF-BD3CE7D71A68}.Release|x86.Build.0 = Release|Any CPU
	EndGlobalSection
	GlobalSection(SolutionProperties) = preSolution
		HideSolutionNode = FALSE
	EndGlobalSection
	GlobalSection(NestedProjects) = preSolution
		{C21F8887-7FCE-46CE-8A93-ED11A8204B43} = {EE7056D9-2377-4299-99BB-8874B3917A2A}
		{EAC8D672-8CEE-4323-BC38-24C66F5585CE} = {EE7056D9-2377-4299-99BB-8874B3917A2A}
		{604A1C78-9456-4212-9F16-08EFE97233C6} = {EE7056D9-2377-4299-99BB-8874B3917A2A}
		{85658628-F9D3-46DD-BFC9-4471633424B4} = {EE7056D9-2377-4299-99BB-8874B3917A2A}
		{C67F5642-F0DA-409F-9C4E-C393C4162E70} = {EE7056D9-2377-4299-99BB-8874B3917A2A}
		{E1FA4CA9-C847-42FC-90DC-A81CF1DB8820} = {9272BA27-6B1C-46F4-AEF8-A5E379045202}
		{92754E96-1727-48C2-BD72-D4F103FFA23E} = {98800936-C759-453B-AD35-4AF223DE9DA9}
		{9272BA27-6B1C-46F4-AEF8-A5E379045202} = {38A0C47D-E64E-479A-9772-C9D7191E91DC}
		{EE7056D9-2377-4299-99BB-8874B3917A2A} = {38A0C47D-E64E-479A-9772-C9D7191E91DC}
		{BA83A690-B87E-4D99-BDEF-BD3CE7D71A68} = {FF1AE1DA-6623-452B-8A5E-63E280F23C5E}
	EndGlobalSection
EndGlobal
